PODS:
  - approval_flutter (0.0.1):
    - Flutter
  - Flutter (1.0.0)

DEPENDENCIES:
  - approval_flutter (from `.symlinks/plugins/approval_flutter/ios`)
  - Flutter (from `Flutter`)

EXTERNAL SOURCES:
  approval_flutter:
    :path: ".symlinks/plugins/approval_flutter/ios"
  Flutter:
    :path: Flutter

SPEC CHECKSUMS:
  approval_flutter: 6b85618b87c13dd8858c7b18c76bdba772ec3b16
  Flutter: cabc95a1d2626b1b06e7179b784ebcf0c0cde467

PODFILE CHECKSUM: 59fc61518ab88135a3b84dbb9d3de56328383acc

COCOAPODS: 1.17.0
